
Microsoft Visual Studio Solution File, Format Version 12.00
# Visual Studio Version 16
VisualStudioVersion = 16.0.29025.244
MinimumVisualStudioVersion = 10.0.40219.1
Project("{9A19103F-16F7-4668-BE54-9A1E7A4F7556}") = "RyanJuan.Lahkesis", "RyanJuan.Lahkesis\RyanJuan.Lahkesis.csproj", "{6A69090A-D51A-4025-B116-080EAFBCE00A}"
EndProject
Project("{FAE04EC0-301F-11D3-BF4B-00C04F79EFBC}") = "RyanJuan.Lahkesis.Test.DotNetCore2_0", "RyanJuan.Lahkesis.Test.DotNetCore2_0\RyanJuan.Lahkesis.Test.DotNetCore2_0.csproj", "{91BC64C8-5455-45B4-9958-C4154DCAB791}"
EndProject
Global
	GlobalSection(SolutionConfigurationPlatforms) = preSolution
		Debug|Any CPU = Debug|Any CPU
		Release|Any CPU = Release|Any CPU
		Release-zh-Hant|Any CPU = Release-zh-Hant|Any CPU
	EndGlobalSection
	GlobalSection(ProjectConfigurationPlatforms) = postSolution
		{6A69090A-D51A-4025-B116-080EAFBCE00A}.Debug|Any CPU.ActiveCfg = Debug|Any CPU
		{6A69090A-D51A-4025-B116-080EAFBCE00A}.Debug|Any CPU.Build.0 = Debug|Any CPU
		{6A69090A-D51A-4025-B116-080EAFBCE00A}.Release|Any CPU.ActiveCfg = Release|Any CPU
		{6A69090A-D51A-4025-B116-080EAFBCE00A}.Release|Any CPU.Build.0 = Release|Any CPU
		{6A69090A-D51A-4025-B116-080EAFBCE00A}.Release-zh-Hant|Any CPU.ActiveCfg = Release-zh-Hant|Any CPU
		{6A69090A-D51A-4025-B116-080EAFBCE00A}.Release-zh-Hant|Any CPU.Build.0 = Release-zh-Hant|Any CPU
		{91BC64C8-5455-45B4-9958-C4154DCAB791}.Debug|Any CPU.ActiveCfg = Debug|Any CPU
		{91BC64C8-5455-45B4-9958-C4154DCAB791}.Debug|Any CPU.Build.0 = Debug|Any CPU
		{91BC64C8-5455-45B4-9958-C4154DCAB791}.Release|Any CPU.ActiveCfg = Release|Any CPU
		{91BC64C8-5455-45B4-9958-C4154DCAB791}.Release|Any CPU.Build.0 = Release|Any CPU
		{91BC64C8-5455-45B4-9958-C4154DCAB791}.Release-zh-Hant|Any CPU.ActiveCfg = Release|Any CPU
		{91BC64C8-5455-45B4-9958-C4154DCAB791}.Release-zh-Hant|Any CPU.Build.0 = Release|Any CPU
	EndGlobalSection
	GlobalSection(SolutionProperties) = preSolution
		HideSolutionNode = FALSE
	EndGlobalSection
	GlobalSection(ExtensibilityGlobals) = postSolution
		SolutionGuid = {492152EB-9146-4A87-840A-6F04CCCF7AC9}
	EndGlobalSection
EndGlobal
